// !$*UTF8*$!
{
	archiveVersion = 1;
	classes = {
	};
	objectVersion = 50;
	objects = {

/* Begin PBXBuildFile section */
		75A92E5F21C7BDDE00621889 /* AppDelegate.swift in Sources */ = {isa = PBXBuildFile; fileRef = 75A92E5E21C7BDDE00621889 /* AppDelegate.swift */; };
		75A92E6121C7BDDE00621889 /* ViewController.swift in Sources */ = {isa = PBXBuildFile; fileRef = 75A92E6021C7BDDE00621889 /* ViewController.swift */; };
		75A92E6421C7BDDE00621889 /* Main.storyboard in Resources */ = {isa = PBXBuildFile; fileRef = 75A92E6221C7BDDE00621889 /* Main.storyboard */; };
		75A92E6621C7BDE400621889 /* Assets.xcassets in Resources */ = {isa = PBXBuildFile; fileRef = 75A92E6521C7BDE400621889 /* Assets.xcassets */; };
		75A92E6921C7BDE400621889 /* LaunchScreen.storyboard in Resources */ = {isa = PBXBuildFile; fileRef = 75A92E6721C7BDE400621889 /* LaunchScreen.storyboard */; };
		75A92E7421C7BDE500621889 /* On_the_MapTests.swift in Sources */ = {isa = PBXBuildFile; fileRef = 75A92E7321C7BDE500621889 /* On_the_MapTests.swift */; };
		75A92E7F21C7BDE500621889 /* On_the_MapUITests.swift in Sources */ = {isa = PBXBuildFile; fileRef = 75A92E7E21C7BDE500621889 /* On_the_MapUITests.swift */; };
/* End PBXBuildFile section */

/* Begin PBXContainerItemProxy section */
		75A92E7021C7BDE400621889 /* PBXContainerItemProxy */ = {
			isa = PBXContainerItemProxy;
			containerPortal = 75A92E5321C7BDDE00621889 /* Project object */;
			proxyType = 1;
			remoteGlobalIDString = 75A92E5A21C7BDDE00621889;
			remoteInfo = "On the Map";
		};
		75A92E7B21C7BDE500621889 /* PBXContainerItemProxy */ = {
			isa = PBXContainerItemProxy;
			containerPortal = 75A92E5321C7BDDE00621889 /* Project object */;
			proxyType = 1;
			remoteGlobalIDString = 75A92E5A21C7BDDE00621889;
			remoteInfo = "On the Map";
		};
/* End PBXContainerItemProxy section */

/* Begin PBXFileReference section */
		75A92E5B21C7BDDE00621889 /* On the Map.app */ = {isa = PBXFileReference; explicitFileType = wrapper.application; includeInIndex = 0; path = "On the Map.app"; sourceTree = BUILT_PRODUCTS_DIR; };
		75A92E5E21C7BDDE00621889 /* AppDelegate.swift */ = {isa = PBXFileReference; lastKnownFileType = sourcecode.swift; path = AppDelegate.swift; sourceTree = "<group>"; };
		75A92E6021C7BDDE00621889 /* ViewController.swift */ = {isa = PBXFileReference; lastKnownFileType = sourcecode.swift; path = ViewController.swift; sourceTree = "<group>"; };
		75A92E6321C7BDDE00621889 /* Base */ = {isa = PBXFileReference; lastKnownFileType = file.storyboard; name = Base; path = Base.lproj/Main.storyboard; sourceTree = "<group>"; };
		75A92E6521C7BDE400621889 /* Assets.xcassets */ = {isa = PBXFileReference; lastKnownFileType = folder.assetcatalog; path = Assets.xcassets; sourceTree = "<group>"; };
		75A92E6821C7BDE400621889 /* Base */ = {isa = PBXFileReference; lastKnownFileType = file.storyboard; name = Base; path = Base.lproj/LaunchScreen.storyboard; sourceTree = "<group>"; };
		75A92E6A21C7BDE400621889 /* Info.plist */ = {isa = PBXFileReference; lastKnownFileType = text.plist.xml; path = Info.plist; sourceTree = "<group>"; };
		75A92E6F21C7BDE400621889 /* On the MapTests.xctest */ = {isa = PBXFileReference; explicitFileType = wrapper.cfbundle; includeInIndex = 0; path = "On the MapTests.xctest"; sourceTree = BUILT_PRODUCTS_DIR; };
		75A92E7321C7BDE500621889 /* On_the_MapTests.swift */ = {isa = PBXFileReference; lastKnownFileType = sourcecode.swift; path = On_the_MapTests.swift; sourceTree = "<group>"; };
		75A92E7521C7BDE500621889 /* Info.plist */ = {isa = PBXFileReference; lastKnownFileType = text.plist.xml; path = Info.plist; sourceTree = "<group>"; };
		75A92E7A21C7BDE500621889 /* On the MapUITests.xctest */ = {isa = PBXFileReference; explicitFileType = wrapper.cfbundle; includeInIndex = 0; path = "On the MapUITests.xctest"; sourceTree = BUILT_PRODUCTS_DIR; };
		75A92E7E21C7BDE500621889 /* On_the_MapUITests.swift */ = {isa = PBXFileReference; lastKnownFileType = sourcecode.swift; path = On_the_MapUITests.swift; sourceTree = "<group>"; };
		75A92E8021C7BDE500621889 /* Info.plist */ = {isa = PBXFileReference; lastKnownFileType = text.plist.xml; path = Info.plist; sourceTree = "<group>"; };
/* End PBXFileReference section */

/* Begin PBXFrameworksBuildPhase section */
		75A92E5821C7BDDE00621889 /* Frameworks */ = {
			isa = PBXFrameworksBuildPhase;
			buildActionMask = 2147483647;
			files = (
			);
			runOnlyForDeploymentPostprocessing = 0;
		};
		75A92E6C21C7BDE400621889 /* Frameworks */ = {
			isa = PBXFrameworksBuildPhase;
			buildActionMask = 2147483647;
			files = (
			);
			runOnlyForDeploymentPostprocessing = 0;
		};
		75A92E7721C7BDE500621889 /* Frameworks */ = {
			isa = PBXFrameworksBuildPhase;
			buildActionMask = 2147483647;
			files = (
			);
			runOnlyForDeploymentPostprocessing = 0;
		};
/* End PBXFrameworksBuildPhase section */

/* Begin PBXGroup section */
		75A92E5221C7BDDE00621889 = {
			isa = PBXGroup;
			children = (
				75A92E5D21C7BDDE00621889 /* On the Map */,
				75A92E7221C7BDE400621889 /* On the MapTests */,
				75A92E7D21C7BDE500621889 /* On the MapUITests */,
				75A92E5C21C7BDDE00621889 /* Products */,
			);
			sourceTree = "<group>";
		};
		75A92E5C21C7BDDE00621889 /* Products */ = {
			isa = PBXGroup;
			children = (
				75A92E5B21C7BDDE00621889 /* On the Map.app */,
				75A92E6F21C7BDE400621889 /* On the MapTests.xctest */,
				75A92E7A21C7BDE500621889 /* On the MapUITests.xctest */,
			);
			name = Products;
			sourceTree = "<group>";
		};
		75A92E5D21C7BDDE00621889 /* On the Map */ = {
			isa = PBXGroup;
			children = (
				75A92E5E21C7BDDE00621889 /* AppDelegate.swift */,
				75A92E6021C7BDDE00621889 /* ViewController.swift */,
				75A92E6221C7BDDE00621889 /* Main.storyboard */,
				75A92E6521C7BDE400621889 /* Assets.xcassets */,
				75A92E6721C7BDE400621889 /* LaunchScreen.storyboard */,
				75A92E6A21C7BDE400621889 /* Info.plist */,
			);
			path = "On the Map";
			sourceTree = "<group>";
		};
		75A92E7221C7BDE400621889 /* On the MapTests */ = {
			isa = PBXGroup;
			children = (
				75A92E7321C7BDE500621889 /* On_the_MapTests.swift */,
				75A92E7521C7BDE500621889 /* Info.plist */,
			);
			path = "On the MapTests";
			sourceTree = "<group>";
		};
		75A92E7D21C7BDE500621889 /* On the MapUITests */ = {
			isa = PBXGroup;
			children = (
				75A92E7E21C7BDE500621889 /* On_the_MapUITests.swift */,
				75A92E8021C7BDE500621889 /* Info.plist */,
			);
			path = "On the MapUITests";
			sourceTree = "<group>";
		};
/* End PBXGroup section */

/* Begin PBXNativeTarget section */
		75A92E5A21C7BDDE00621889 /* On the Map */ = {
			isa = PBXNativeTarget;
			buildConfigurationList = 75A92E8321C7BDE500621889 /* Build configuration list for PBXNativeTarget "On the Map" */;
			buildPhases = (
				75A92E5721C7BDDE00621889 /* Sources */,
				75A92E5821C7BDDE00621889 /* Frameworks */,
				75A92E5921C7BDDE00621889 /* Resources */,
			);
			buildRules = (
			);
			dependencies = (
			);
			name = "On the Map";
			productName = "On the Map";
			productReference = 75A92E5B21C7BDDE00621889 /* On the Map.app */;
			productType = "com.apple.product-type.application";
		};
		75A92E6E21C7BDE400621889 /* On the MapTests */ = {
			isa = PBXNativeTarget;
			buildConfigurationList = 75A92E8621C7BDE500621889 /* Build configuration list for PBXNativeTarget "On the MapTests" */;
			buildPhases = (
				75A92E6B21C7BDE400621889 /* Sources */,
				75A92E6C21C7BDE400621889 /* Frameworks */,
				75A92E6D21C7BDE400621889 /* Resources */,
			);
			buildRules = (
			);
			dependencies = (
				75A92E7121C7BDE400621889 /* PBXTargetDependency */,
			);
			name = "On the MapTests";
			productName = "On the MapTests";
			productReference = 75A92E6F21C7BDE400621889 /* On the MapTests.xctest */;
			productType = "com.apple.product-type.bundle.unit-test";
		};
		75A92E7921C7BDE500621889 /* On the MapUITests */ = {
			isa = PBXNativeTarget;
			buildConfigurationList = 75A92E8921C7BDE500621889 /* Build configuration list for PBXNativeTarget "On the MapUITests" */;
			buildPhases = (
				75A92E7621C7BDE500621889 /* Sources */,
				75A92E7721C7BDE500621889 /* Frameworks */,
				75A92E7821C7BDE500621889 /* Resources */,
			);
			buildRules = (
			);
			dependencies = (
				75A92E7C21C7BDE500621889 /* PBXTargetDependency */,
			);
			name = "On the MapUITests";
			productName = "On the MapUITests";
			productReference = 75A92E7A21C7BDE500621889 /* On the MapUITests.xctest */;
			productType = "com.apple.product-type.bundle.ui-testing";
		};
/* End PBXNativeTarget section */

/* Begin PBXProject section */
		75A92E5321C7BDDE00621889 /* Project object */ = {
			isa = PBXProject;
			attributes = {
				LastSwiftUpdateCheck = 1010;
				LastUpgradeCheck = 1010;
				ORGANIZATIONNAME = "Hessa Mohamed";
				TargetAttributes = {
					75A92E5A21C7BDDE00621889 = {
						CreatedOnToolsVersion = 10.1;
					};
					75A92E6E21C7BDE400621889 = {
						CreatedOnToolsVersion = 10.1;
						TestTargetID = 75A92E5A21C7BDDE00621889;
					};
					75A92E7921C7BDE500621889 = {
						CreatedOnToolsVersion = 10.1;
						TestTargetID = 75A92E5A21C7BDDE00621889;
					};
				};
			};
			buildConfigurationList = 75A92E5621C7BDDE00621889 /* Build configuration list for PBXProject "On the Map" */;
			compatibilityVersion = "Xcode 9.3";
			developmentRegion = en;
			hasScannedForEncodings = 0;
			knownRegions = (
				en,
				Base,
			);
			mainGroup = 75A92E5221C7BDDE00621889;
			productRefGroup = 75A92E5C21C7BDDE00621889 /* Products */;
			projectDirPath = "";
			projectRoot = "";
			targets = (
				75A92E5A21C7BDDE00621889 /* On the Map */,
				75A92E6E21C7BDE400621889 /* On the MapTests */,
				75A92E7921C7BDE500621889 /* On the MapUITests */,
			);
		};
/* End PBXProject section */

/* Begin PBXResourcesBuildPhase section */
		75A92E5921C7BDDE00621889 /* Resources */ = {
			isa = PBXResourcesBuildPhase;
			buildActionMask = 2147483647;
			files = (
				75A92E6921C7BDE400621889 /* LaunchScreen.storyboard in Resources */,
				75A92E6621C7BDE400621889 /* Assets.xcassets in Resources */,
				75A92E6421C7BDDE00621889 /* Main.storyboard in Resources */,
			);
			runOnlyForDeploymentPostprocessing = 0;
		};
		75A92E6D21C7BDE400621889 /* Resources */ = {
			isa = PBXResourcesBuildPhase;
			buildActionMask = 2147483647;
			files = (
			);
			runOnlyForDeploymentPostprocessing = 0;
		};
		75A92E7821C7BDE500621889 /* Resources */ = {
			isa = PBXResourcesBuildPhase;
			buildActionMask = 2147483647;
			files = (
			);
			runOnlyForDeploymentPostprocessing = 0;
		};
/* End PBXResourcesBuildPhase section */

/* Begin PBXSourcesBuildPhase section */
		75A92E5721C7BDDE00621889 /* Sources */ = {
			isa = PBXSourcesBuildPhase;
			buildActionMask = 2147483647;
			files = (
				75A92E6121C7BDDE00621889 /* ViewController.swift in Sources */,
				75A92E5F21C7BDDE00621889 /* AppDelegate.swift in Sources */,
			);
			runOnlyForDeploymentPostprocessing = 0;
		};
		75A92E6B21C7BDE400621889 /* Sources */ = {
			isa = PBXSourcesBuildPhase;
			buildActionMask = 2147483647;
			files = (
				75A92E7421C7BDE500621889 /* On_the_MapTests.swift in Sources */,
			);
			runOnlyForDeploymentPostprocessing = 0;
		};
		75A92E7621C7BDE500621889 /* Sources */ = {
			isa = PBXSourcesBuildPhase;
			buildActionMask = 2147483647;
			files = (
				75A92E7F21C7BDE500621889 /* On_the_MapUITests.swift in Sources */,
			);
			runOnlyForDeploymentPostprocessing = 0;
		};
/* End PBXSourcesBuildPhase section */

/* Begin PBXTargetDependency section */
		75A92E7121C7BDE400621889 /* PBXTargetDependency */ = {
			isa = PBXTargetDependency;
			target = 75A92E5A21C7BDDE00621889 /* On the Map */;
			targetProxy = 75A92E7021C7BDE400621889 /* PBXContainerItemProxy */;
		};
		75A92E7C21C7BDE500621889 /* PBXTargetDependency */ = {
			isa = PBXTargetDependency;
			target = 75A92E5A21C7BDDE00621889 /* On the Map */;
			targetProxy = 75A92E7B21C7BDE500621889 /* PBXContainerItemProxy */;
		};
/* End PBXTargetDependency section */

/* Begin PBXVariantGroup section */
		75A92E6221C7BDDE00621889 /* Main.storyboard */ = {
			isa = PBXVariantGroup;
			children = (
				75A92E6321C7BDDE00621889 /* Base */,
			);
			name = Main.storyboard;
			sourceTree = "<group>";
		};
		75A92E6721C7BDE400621889 /* LaunchScreen.storyboard */ = {
			isa = PBXVariantGroup;
			children = (
				75A92E6821C7BDE400621889 /* Base */,
			);
			name = LaunchScreen.storyboard;
			sourceTree = "<group>";
		};
/* End PBXVariantGroup section */

/* Begin XCBuildConfiguration section */
		75A92E8121C7BDE500621889 /* Debug */ = {
			isa = XCBuildConfiguration;
			buildSettings = {
				ALWAYS_SEARCH_USER_PATHS = NO;
				CLANG_ANALYZER_NONNULL = YES;
				CLANG_ANALYZER_NUMBER_OBJECT_CONVERSION = YES_AGGRESSIVE;
				CLANG_CXX_LANGUAGE_STANDARD = "gnu++14";
				CLANG_CXX_LIBRARY = "libc++";
				CLANG_ENABLE_MODULES = YES;
				CLANG_ENABLE_OBJC_ARC = YES;
				CLANG_ENABLE_OBJC_WEAK = YES;
				CLANG_WARN_BLOCK_CAPTURE_AUTORELEASING = YES;
				CLANG_WARN_BOOL_CONVERSION = YES;
				CLANG_WARN_COMMA = YES;
				CLANG_WARN_CONSTANT_CONVERSION = YES;
				CLANG_WARN_DEPRECATED_OBJC_IMPLEMENTATIONS = YES;
				CLANG_WARN_DIRECT_OBJC_ISA_USAGE = YES_ERROR;
				CLANG_WARN_DOCUMENTATION_COMMENTS = YES;
				CLANG_WARN_EMPTY_BODY = YES;
				CLANG_WARN_ENUM_CONVERSION = YES;
				CLANG_WARN_INFINITE_RECURSION = YES;
				CLANG_WARN_INT_CONVERSION = YES;
				CLANG_WARN_NON_LITERAL_NULL_CONVERSION = YES;
				CLANG_WARN_OBJC_IMPLICIT_RETAIN_SELF = YES;
				CLANG_WARN_OBJC_LITERAL_CONVERSION = YES;
				CLANG_WARN_OBJC_ROOT_CLASS = YES_ERROR;
				CLANG_WARN_RANGE_LOOP_ANALYSIS = YES;
				CLANG_WARN_STRICT_PROTOTYPES = YES;
				CLANG_WARN_SUSPICIOUS_MOVE = YES;
				CLANG_WARN_UNGUARDED_AVAILABILITY = YES_AGGRESSIVE;
				CLANG_WARN_UNREACHABLE_CODE = YES;
				CLANG_WARN__DUPLICATE_METHOD_MATCH = YES;
				CODE_SIGN_IDENTITY = "iPhone Developer";
				COPY_PHASE_STRIP = NO;
				DEBUG_INFORMATION_FORMAT = dwarf;
				ENABLE_STRICT_OBJC_MSGSEND = YES;
				ENABLE_TESTABILITY = YES;
				GCC_C_LANGUAGE_STANDARD = gnu11;
				GCC_DYNAMIC_NO_PIC = NO;
				GCC_NO_COMMON_BLOCKS = YES;
				GCC_OPTIMIZATION_LEVEL = 0;
				GCC_PREPROCESSOR_DEFINITIONS = (
					"DEBUG=1",
					"$(inherited)",
				);
				GCC_WARN_64_TO_32_BIT_CONVERSION = YES;
				GCC_WARN_ABOUT_RETURN_TYPE = YES_ERROR;
				GCC_WARN_UNDECLARED_SELECTOR = YES;
				GCC_WARN_UNINITIALIZED_AUTOS = YES_AGGRESSIVE;
				GCC_WARN_UNUSED_FUNCTION = YES;
				GCC_WARN_UNUSED_VARIABLE = YES;
				IPHONEOS_DEPLOYMENT_TARGET = 12.1;
				MTL_ENABLE_DEBUG_INFO = INCLUDE_SOURCE;
				MTL_FAST_MATH = YES;
				ONLY_ACTIVE_ARCH = YES;
				SDKROOT = iphoneos;
				SWIFT_ACTIVE_COMPILATION_CONDITIONS = DEBUG;
				SWIFT_OPTIMIZATION_LEVEL = "-Onone";
			};
			name = Debug;
		};
		75A92E8221C7BDE500621889 /* Release */ = {
			isa = XCBuildConfiguration;
			buildSettings = {
				ALWAYS_SEARCH_USER_PATHS = NO;
				CLANG_ANALYZER_NONNULL = YES;
				CLANG_ANALYZER_NUMBER_OBJECT_CONVERSION = YES_AGGRESSIVE;
				CLANG_CXX_LANGUAGE_STANDARD = "gnu++14";
				CLANG_CXX_LIBRARY = "libc++";
				CLANG_ENABLE_MODULES = YES;
				CLANG_ENABLE_OBJC_ARC = YES;
				CLANG_ENABLE_OBJC_WEAK = YES;
				CLANG_WARN_BLOCK_CAPTURE_AUTORELEASING = YES;
				CLANG_WARN_BOOL_CONVERSION = YES;
				CLANG_WARN_COMMA = YES;
				CLANG_WARN_CONSTANT_CONVERSION = YES;
				CLANG_WARN_DEPRECATED_OBJC_IMPLEMENTATIONS = YES;
				CLANG_WARN_DIRECT_OBJC_ISA_USAGE = YES_ERROR;
				CLANG_WARN_DOCUMENTATION_COMMENTS = YES;
				CLANG_WARN_EMPTY_BODY = YES;
				CLANG_WARN_ENUM_CONVERSION = YES;
				CLANG_WARN_INFINITE_RECURSION = YES;
				CLANG_WARN_INT_CONVERSION = YES;
				CLANG_WARN_NON_LITERAL_NULL_CONVERSION = YES;
				CLANG_WARN_OBJC_IMPLICIT_RETAIN_SELF = YES;
				CLANG_WARN_OBJC_LITERAL_CONVERSION = YES;
				CLANG_WARN_OBJC_ROOT_CLASS = YES_ERROR;
				CLANG_WARN_RANGE_LOOP_ANALYSIS = YES;
				CLANG_WARN_STRICT_PROTOTYPES = YES;
				CLANG_WARN_SUSPICIOUS_MOVE = YES;
				CLANG_WARN_UNGUARDED_AVAILABILITY = YES_AGGRESSIVE;
				CLANG_WARN_UNREACHABLE_CODE = YES;
				CLANG_WARN__DUPLICATE_METHOD_MATCH = YES;
				CODE_SIGN_IDENTITY = "iPhone Developer";
				COPY_PHASE_STRIP = NO;
				DEBUG_INFORMATION_FORMAT = "dwarf-with-dsym";
				ENABLE_NS_ASSERTIONS = NO;
				ENABLE_STRICT_OBJC_MSGSEND = YES;
				GCC_C_LANGUAGE_STANDARD = gnu11;
				GCC_NO_COMMON_BLOCKS = YES;
				GCC_WARN_64_TO_32_BIT_CONVERSION = YES;
				GCC_WARN_ABOUT_RETURN_TYPE = YES_ERROR;
				GCC_WARN_UNDECLARED_SELECTOR = YES;
				GCC_WARN_UNINITIALIZED_AUTOS = YES_AGGRESSIVE;
				GCC_WARN_UNUSED_FUNCTION = YES;
				GCC_WARN_UNUSED_VARIABLE = YES;
				IPHONEOS_DEPLOYMENT_TARGET = 12.1;
				MTL_ENABLE_DEBUG_INFO = NO;
				MTL_FAST_MATH = YES;
				SDKROOT = iphoneos;
				SWIFT_COMPILATION_MODE = wholemodule;
				SWIFT_OPTIMIZATION_LEVEL = "-O";
				VALIDATE_PRODUCT = YES;
			};
			name = Release;
		};
		75A92E8421C7BDE500621889 /* Debug */ = {
			isa = XCBuildConfiguration;
			buildSettings = {
				ASSETCATALOG_COMPILER_APPICON_NAME = AppIcon;
				CODE_SIGN_STYLE = Automatic;
				INFOPLIST_FILE = "On the Map/Info.plist";
				LD_RUNPATH_SEARCH_PATHS = (
					"$(inherited)",
					"@executable_path/Frameworks",
				);
				PRODUCT_BUNDLE_IDENTIFIER = "Hessa.AlMuhanna.On-the-Map";
				PRODUCT_NAME = "$(TARGET_NAME)";
				SWIFT_VERSION = 4.2;
				TARGETED_DEVICE_FAMILY = "1,2";
			};
			name = Debug;
		};
		75A92E8521C7BDE500621889 /* Release */ = {
			isa = XCBuildConfiguration;
			buildSettings = {
				ASSETCATALOG_COMPILER_APPICON_NAME = AppIcon;
				CODE_SIGN_STYLE = Automatic;
				INFOPLIST_FILE = "On the Map/Info.plist";
				LD_RUNPATH_SEARCH_PATHS = (
					"$(inherited)",
					"@executable_path/Frameworks",
				);
				PRODUCT_BUNDLE_IDENTIFIER = "Hessa.AlMuhanna.On-the-Map";
				PRODUCT_NAME = "$(TARGET_NAME)";
				SWIFT_VERSION = 4.2;
				TARGETED_DEVICE_FAMILY = "1,2";
			};
			name = Release;
		};
		75A92E8721C7BDE500621889 /* Debug */ = {
			isa = XCBuildConfiguration;
			buildSettings = {
				ALWAYS_EMBED_SWIFT_STANDARD_LIBRARIES = YES;
				BUNDLE_LOADER = "$(TEST_HOST)";
				CODE_SIGN_STYLE = Automatic;
				INFOPLIST_FILE = "On the MapTests/Info.plist";
				LD_RUNPATH_SEARCH_PATHS = (
					"$(inherited)",
					"@executable_path/Frameworks",
					"@loader_path/Frameworks",
				);
				PRODUCT_BUNDLE_IDENTIFIER = "Hessa.AlMuhanna.On-the-MapTests";
				PRODUCT_NAME = "$(TARGET_NAME)";
				SWIFT_VERSION = 4.2;
				TARGETED_DEVICE_FAMILY = "1,2";
				TEST_HOST = "$(BUILT_PRODUCTS_DIR)/On the Map.app/On the Map";
			};
			name = Debug;
		};
		75A92E8821C7BDE500621889 /* Release */ = {
			isa = XCBuildConfiguration;
			buildSettings = {
				ALWAYS_EMBED_SWIFT_STANDARD_LIBRARIES = YES;
				BUNDLE_LOADER = "$(TEST_HOST)";
				CODE_SIGN_STYLE = Automatic;
				INFOPLIST_FILE = "On the MapTests/Info.plist";
				LD_RUNPATH_SEARCH_PATHS = (
					"$(inherited)",
					"@executable_path/Frameworks",
					"@loader_path/Frameworks",
				);
				PRODUCT_BUNDLE_IDENTIFIER = "Hessa.AlMuhanna.On-the-MapTests";
				PRODUCT_NAME = "$(TARGET_NAME)";
				SWIFT_VERSION = 4.2;
				TARGETED_DEVICE_FAMILY = "1,2";
				TEST_HOST = "$(BUILT_PRODUCTS_DIR)/On the Map.app/On the Map";
			};
			name = Release;
		};
		75A92E8A21C7BDE500621889 /* Debug */ = {
			isa = XCBuildConfiguration;
			buildSettings = {
				ALWAYS_EMBED_SWIFT_STANDARD_LIBRARIES = YES;
				CODE_SIGN_STYLE = Automatic;
				INFOPLIST_FILE = "On the MapUITests/Info.plist";
				LD_RUNPATH_SEARCH_PATHS = (
					"$(inherited)",
					"@executable_path/Frameworks",
					"@loader_path/Frameworks",
				);
				PRODUCT_BUNDLE_IDENTIFIER = "Hessa.AlMuhanna.On-the-MapUITests";
				PRODUCT_NAME = "$(TARGET_NAME)";
				SWIFT_VERSION = 4.2;
				TARGETED_DEVICE_FAMILY = "1,2";
				TEST_TARGET_NAME = "On the Map";
			};
			name = Debug;
		};
		75A92E8B21C7BDE500621889 /* Release */ = {
			isa = XCBuildConfiguration;
			buildSettings = {
				ALWAYS_EMBED_SWIFT_STANDARD_LIBRARIES = YES;
				CODE_SIGN_STYLE = Automatic;
				INFOPLIST_FILE = "On the MapUITests/Info.plist";
				LD_RUNPATH_SEARCH_PATHS = (
					"$(inherited)",
					"@executable_path/Frameworks",
					"@loader_path/Frameworks",
				);
				PRODUCT_BUNDLE_IDENTIFIER = "Hessa.AlMuhanna.On-the-MapUITests";
				PRODUCT_NAME = "$(TARGET_NAME)";
				SWIFT_VERSION = 4.2;
				TARGETED_DEVICE_FAMILY = "1,2";
				TEST_TARGET_NAME = "On the Map";
			};
			name = Release;
		};
/* End XCBuildConfiguration section */

/* Begin XCConfigurationList section */
		75A92E5621C7BDDE00621889 /* Build configuration list for PBXProject "On the Map" */ = {
			isa = XCConfigurationList;
			buildConfigurations = (
				75A92E8121C7BDE500621889 /* Debug */,
				75A92E8221C7BDE500621889 /* Release */,
			);
			defaultConfigurationIsVisible = 0;
			defaultConfigurationName = Release;
		};
		75A92E8321C7BDE500621889 /* Build configuration list for PBXNativeTarget "On the Map" */ = {
			isa = XCConfigurationList;
			buildConfigurations = (
				75A92E8421C7BDE500621889 /* Debug */,
				75A92E8521C7BDE500621889 /* Release */,
			);
			defaultConfigurationIsVisible = 0;
			defaultConfigurationName = Release;
		};
		75A92E8621C7BDE500621889 /* Build configuration list for PBXNativeTarget "On the MapTests" */ = {
			isa = XCConfigurationList;
			buildConfigurations = (
				75A92E8721C7BDE500621889 /* Debug */,
				75A92E8821C7BDE500621889 /* Release */,
			);
			defaultConfigurationIsVisible = 0;
			defaultConfigurationName = Release;
		};
		75A92E8921C7BDE500621889 /* Build configuration list for PBXNativeTarget "On the MapUITests" */ = {
			isa = XCConfigurationList;
			buildConfigurations = (
				75A92E8A21C7BDE500621889 /* Debug */,
				75A92E8B21C7BDE500621889 /* Release */,
			);
			defaultConfigurationIsVisible = 0;
			defaultConfigurationName = Release;
		};
/* End XCConfigurationList section */
	};
	rootObject = 75A92E5321C7BDDE00621889 /* Project object */;
}
